// !$*UTF8*$!
{
	archiveVersion = 1;
	classes = {
	};
	objectVersion = 46;
	objects = {

/* Begin PBXBuildFile section */
		5D09D4811D65D80800F87650 /* NSManagedObject+Extension.h in CopyFiles */ = {isa = PBXBuildFile; fileRef = 5DB6D74D1D58EEBF00F23E14 /* NSManagedObject+Extension.h */; };
		5DB6D7431D58EE1100F23E14 /* DhtCoreData.h in CopyFiles */ = {isa = PBXBuildFile; fileRef = 5DB6D7421D58EE1100F23E14 /* DhtCoreData.h */; };
		5DB6D74C1D58EE3200F23E14 /* DhtCoreData.h in Headers */ = {isa = PBXBuildFile; fileRef = 5DB6D7421D58EE1100F23E14 /* DhtCoreData.h */; settings = {ATTRIBUTES = (Public, ); }; };
		5DB6D74F1D58EEBF00F23E14 /* NSManagedObject+Extension.h in Headers */ = {isa = PBXBuildFile; fileRef = 5DB6D74D1D58EEBF00F23E14 /* NSManagedObject+Extension.h */; settings = {ATTRIBUTES = (Public, ); }; };
		5DB6D7501D58EEBF00F23E14 /* NSManagedObject+Extension.m in Sources */ = {isa = PBXBuildFile; fileRef = 5DB6D74E1D58EEBF00F23E14 /* NSManagedObject+Extension.m */; };
		5DB6D7521D58EEE300F23E14 /* CoreData.framework in Frameworks */ = {isa = PBXBuildFile; fileRef = 5DB6D7511D58EEE300F23E14 /* CoreData.framework */; };
		5DB6D7551D58EFBE00F23E14 /* NSManagedObjectContext+Extenstion.h in Headers */ = {isa = PBXBuildFile; fileRef = 5DB6D7531D58EFBE00F23E14 /* NSManagedObjectContext+Extenstion.h */; };
		5DB6D7561D58EFBE00F23E14 /* NSManagedObjectContext+Extenstion.m in Sources */ = {isa = PBXBuildFile; fileRef = 5DB6D7541D58EFBE00F23E14 /* NSManagedObjectContext+Extenstion.m */; };
/* End PBXBuildFile section */

/* Begin PBXCopyFilesBuildPhase section */
		5DB6D73D1D58EE1100F23E14 /* CopyFiles */ = {
			isa = PBXCopyFilesBuildPhase;
			buildActionMask = 2147483647;
			dstPath = "include/$(PRODUCT_NAME)";
			dstSubfolderSpec = 16;
			files = (
				5D09D4811D65D80800F87650 /* NSManagedObject+Extension.h in CopyFiles */,
				5DB6D7431D58EE1100F23E14 /* DhtCoreData.h in CopyFiles */,
			);
			runOnlyForDeploymentPostprocessing = 0;
		};
/* End PBXCopyFilesBuildPhase section */

/* Begin PBXFileReference section */
		5DB6D73F1D58EE1100F23E14 /* libDhtCoreData.a */ = {isa = PBXFileReference; explicitFileType = archive.ar; includeInIndex = 0; path = libDhtCoreData.a; sourceTree = BUILT_PRODUCTS_DIR; };
		5DB6D7421D58EE1100F23E14 /* DhtCoreData.h */ = {isa = PBXFileReference; lastKnownFileType = sourcecode.c.h; path = DhtCoreData.h; sourceTree = "<group>"; };
		5DB6D74D1D58EEBF00F23E14 /* NSManagedObject+Extension.h */ = {isa = PBXFileReference; fileEncoding = 4; lastKnownFileType = sourcecode.c.h; path = "NSManagedObject+Extension.h"; sourceTree = "<group>"; };
		5DB6D74E1D58EEBF00F23E14 /* NSManagedObject+Extension.m */ = {isa = PBXFileReference; fileEncoding = 4; lastKnownFileType = sourcecode.c.objc; path = "NSManagedObject+Extension.m"; sourceTree = "<group>"; };
		5DB6D7511D58EEE300F23E14 /* CoreData.framework */ = {isa = PBXFileReference; lastKnownFileType = wrapper.framework; name = CoreData.framework; path = System/Library/Frameworks/CoreData.framework; sourceTree = SDKROOT; };
		5DB6D7531D58EFBE00F23E14 /* NSManagedObjectContext+Extenstion.h */ = {isa = PBXFileReference; fileEncoding = 4; lastKnownFileType = sourcecode.c.h; path = "NSManagedObjectContext+Extenstion.h"; sourceTree = "<group>"; };
		5DB6D7541D58EFBE00F23E14 /* NSManagedObjectContext+Extenstion.m */ = {isa = PBXFileReference; fileEncoding = 4; lastKnownFileType = sourcecode.c.objc; path = "NSManagedObjectContext+Extenstion.m"; sourceTree = "<group>"; };
/* End PBXFileReference section */

/* Begin PBXFrameworksBuildPhase section */
		5DB6D73C1D58EE1100F23E14 /* Frameworks */ = {
			isa = PBXFrameworksBuildPhase;
			buildActionMask = 2147483647;
			files = (
				5DB6D7521D58EEE300F23E14 /* CoreData.framework in Frameworks */,
			);
			runOnlyForDeploymentPostprocessing = 0;
		};
/* End PBXFrameworksBuildPhase section */

/* Begin PBXGroup section */
		5DB6D7361D58EE1100F23E14 = {
			isa = PBXGroup;
			children = (
				5DB6D7511D58EEE300F23E14 /* CoreData.framework */,
				5DB6D7411D58EE1100F23E14 /* DhtCoreData */,
				5DB6D7401D58EE1100F23E14 /* Products */,
			);
			sourceTree = "<group>";
		};
		5DB6D7401D58EE1100F23E14 /* Products */ = {
			isa = PBXGroup;
			children = (
				5DB6D73F1D58EE1100F23E14 /* libDhtCoreData.a */,
			);
			name = Products;
			sourceTree = "<group>";
		};
		5DB6D7411D58EE1100F23E14 /* DhtCoreData */ = {
			isa = PBXGroup;
			children = (
				5DB6D7421D58EE1100F23E14 /* DhtCoreData.h */,
				5DB6D74D1D58EEBF00F23E14 /* NSManagedObject+Extension.h */,
				5DB6D74E1D58EEBF00F23E14 /* NSManagedObject+Extension.m */,
				5DB6D7531D58EFBE00F23E14 /* NSManagedObjectContext+Extenstion.h */,
				5DB6D7541D58EFBE00F23E14 /* NSManagedObjectContext+Extenstion.m */,
			);
			path = DhtCoreData;
			sourceTree = "<group>";
		};
/* End PBXGroup section */

/* Begin PBXHeadersBuildPhase section */
		5DB6D74B1D58EE2E00F23E14 /* Headers */ = {
			isa = PBXHeadersBuildPhase;
			buildActionMask = 2147483647;
			files = (
				5DB6D74F1D58EEBF00F23E14 /* NSManagedObject+Extension.h in Headers */,
				5DB6D7551D58EFBE00F23E14 /* NSManagedObjectContext+Extenstion.h in Headers */,
				5DB6D74C1D58EE3200F23E14 /* DhtCoreData.h in Headers */,
			);
			runOnlyForDeploymentPostprocessing = 0;
		};
/* End PBXHeadersBuildPhase section */

/* Begin PBXNativeTarget section */
		5DB6D73E1D58EE1100F23E14 /* DhtCoreData */ = {
			isa = PBXNativeTarget;
			buildConfigurationList = 5DB6D7481D58EE1100F23E14 /* Build configuration list for PBXNativeTarget "DhtCoreData" */;
			buildPhases = (
				5DB6D73B1D58EE1100F23E14 /* Sources */,
				5DB6D73C1D58EE1100F23E14 /* Frameworks */,
				5DB6D73D1D58EE1100F23E14 /* CopyFiles */,
				5DB6D74B1D58EE2E00F23E14 /* Headers */,
			);
			buildRules = (
			);
			dependencies = (
			);
			name = DhtCoreData;
			productName = DhtCoreData;
			productReference = 5DB6D73F1D58EE1100F23E14 /* libDhtCoreData.a */;
			productType = "com.apple.product-type.library.static";
		};
/* End PBXNativeTarget section */

/* Begin PBXProject section */
		5DB6D7371D58EE1100F23E14 /* Project object */ = {
			isa = PBXProject;
			attributes = {
				LastUpgradeCheck = 0730;
				ORGANIZATIONNAME = Dht;
				TargetAttributes = {
					5DB6D73E1D58EE1100F23E14 = {
						CreatedOnToolsVersion = 7.3.1;
					};
				};
			};
			buildConfigurationList = 5DB6D73A1D58EE1100F23E14 /* Build configuration list for PBXProject "DhtCoreData" */;
			compatibilityVersion = "Xcode 3.2";
			developmentRegion = English;
			hasScannedForEncodings = 0;
			knownRegions = (
				en,
			);
			mainGroup = 5DB6D7361D58EE1100F23E14;
			productRefGroup = 5DB6D7401D58EE1100F23E14 /* Products */;
			projectDirPath = "";
			projectRoot = "";
			targets = (
				5DB6D73E1D58EE1100F23E14 /* DhtCoreData */,
			);
		};
/* End PBXProject section */

/* Begin PBXSourcesBuildPhase section */
		5DB6D73B1D58EE1100F23E14 /* Sources */ = {
			isa = PBXSourcesBuildPhase;
			buildActionMask = 2147483647;
			files = (
				5DB6D7561D58EFBE00F23E14 /* NSManagedObjectContext+Extenstion.m in Sources */,
				5DB6D7501D58EEBF00F23E14 /* NSManagedObject+Extension.m in Sources */,
			);
			runOnlyForDeploymentPostprocessing = 0;
		};
/* End PBXSourcesBuildPhase section */

/* Begin XCBuildConfiguration section */
		5DB6D7461D58EE1100F23E14 /* Debug */ = {
			isa = XCBuildConfiguration;
			buildSettings = {
				ALWAYS_SEARCH_USER_PATHS = NO;
				CLANG_ANALYZER_NONNULL = YES;
				CLANG_CXX_LANGUAGE_STANDARD = "gnu++0x";
				CLANG_CXX_LIBRARY = "libc++";
				CLANG_ENABLE_MODULES = YES;
				CLANG_ENABLE_OBJC_ARC = YES;
				CLANG_WARN_BOOL_CONVERSION = YES;
				CLANG_WARN_CONSTANT_CONVERSION = YES;
				CLANG_WARN_DIRECT_OBJC_ISA_USAGE = YES_ERROR;
				CLANG_WARN_EMPTY_BODY = YES;
				CLANG_WARN_ENUM_CONVERSION = YES;
				CLANG_WARN_INT_CONVERSION = YES;
				CLANG_WARN_OBJC_ROOT_CLASS = YES_ERROR;
				CLANG_WARN_UNREACHABLE_CODE = YES;
				CLANG_WARN__DUPLICATE_METHOD_MATCH = YES;
				"CODE_SIGN_IDENTITY[sdk=iphoneos*]" = "iPhone Developer";
				COPY_PHASE_STRIP = NO;
				DEBUG_INFORMATION_FORMAT = dwarf;
				ENABLE_STRICT_OBJC_MSGSEND = YES;
				ENABLE_TESTABILITY = YES;
				GCC_C_LANGUAGE_STANDARD = gnu99;
				GCC_DYNAMIC_NO_PIC = NO;
				GCC_NO_COMMON_BLOCKS = YES;
				GCC_OPTIMIZATION_LEVEL = 0;
				GCC_PREPROCESSOR_DEFINITIONS = (
					"DEBUG=1",
					"$(inherited)",
				);
				GCC_WARN_64_TO_32_BIT_CONVERSION = YES;
				GCC_WARN_ABOUT_RETURN_TYPE = YES_ERROR;
				GCC_WARN_UNDECLARED_SELECTOR = YES;
				GCC_WARN_UNINITIALIZED_AUTOS = YES_AGGRESSIVE;
				GCC_WARN_UNUSED_FUNCTION = YES;
				GCC_WARN_UNUSED_VARIABLE = YES;
				IPHONEOS_DEPLOYMENT_TARGET = 9.3;
				MTL_ENABLE_DEBUG_INFO = YES;
				ONLY_ACTIVE_ARCH = YES;
				SDKROOT = iphoneos;
			};
			name = Debug;
		};
		5DB6D7471D58EE1100F23E14 /* Release */ = {
			isa = XCBuildConfiguration;
			buildSettings = {
				ALWAYS_SEARCH_USER_PATHS = NO;
				CLANG_ANALYZER_NONNULL = YES;
				CLANG_CXX_LANGUAGE_STANDARD = "gnu++0x";
				CLANG_CXX_LIBRARY = "libc++";
				CLANG_ENABLE_MODULES = YES;
				CLANG_ENABLE_OBJC_ARC = YES;
				CLANG_WARN_BOOL_CONVERSION = YES;
				CLANG_WARN_CONSTANT_CONVERSION = YES;
				CLANG_WARN_DIRECT_OBJC_ISA_USAGE = YES_ERROR;
				CLANG_WARN_EMPTY_BODY = YES;
				CLANG_WARN_ENUM_CONVERSION = YES;
				CLANG_WARN_INT_CONVERSION = YES;
				CLANG_WARN_OBJC_ROOT_CLASS = YES_ERROR;
				CLANG_WARN_UNREACHABLE_CODE = YES;
				CLANG_WARN__DUPLICATE_METHOD_MATCH = YES;
				"CODE_SIGN_IDENTITY[sdk=iphoneos*]" = "iPhone Developer";
				COPY_PHASE_STRIP = NO;
				DEBUG_INFORMATION_FORMAT = "dwarf-with-dsym";
				ENABLE_NS_ASSERTIONS = NO;
				ENABLE_STRICT_OBJC_MSGSEND = YES;
				GCC_C_LANGUAGE_STANDARD = gnu99;
				GCC_NO_COMMON_BLOCKS = YES;
				GCC_WARN_64_TO_32_BIT_CONVERSION = YES;
				GCC_WARN_ABOUT_RETURN_TYPE = YES_ERROR;
				GCC_WARN_UNDECLARED_SELECTOR = YES;
				GCC_WARN_UNINITIALIZED_AUTOS = YES_AGGRESSIVE;
				GCC_WARN_UNUSED_FUNCTION = YES;
				GCC_WARN_UNUSED_VARIABLE = YES;
				IPHONEOS_DEPLOYMENT_TARGET = 9.3;
				MTL_ENABLE_DEBUG_INFO = NO;
				SDKROOT = iphoneos;
				VALIDATE_PRODUCT = YES;
			};
			name = Release;
		};
		5DB6D7491D58EE1100F23E14 /* Debug */ = {
			isa = XCBuildConfiguration;
			buildSettings = {
				DEAD_CODE_STRIPPING = NO;
				IPHONEOS_DEPLOYMENT_TARGET = 7.0;
				OTHER_LDFLAGS = "-ObjC";
				PRODUCT_NAME = "$(TARGET_NAME)";
				PUBLIC_HEADERS_FOLDER_PATH = "include/$(PROJECT_NAME)";
				SKIP_INSTALL = YES;
				STRIP_STYLE = "non-global";
			};
			name = Debug;
		};
		5DB6D74A1D58EE1100F23E14 /* Release */ = {
			isa = XCBuildConfiguration;
			buildSettings = {
				DEAD_CODE_STRIPPING = NO;
				IPHONEOS_DEPLOYMENT_TARGET = 7.0;
				OTHER_LDFLAGS = "-ObjC";
				PRODUCT_NAME = "$(TARGET_NAME)";
				PUBLIC_HEADERS_FOLDER_PATH = "include/$(PROJECT_NAME)";
				SKIP_INSTALL = YES;
				STRIP_STYLE = "non-global";
			};
			name = Release;
		};
/* End XCBuildConfiguration section */

/* Begin XCConfigurationList section */
		5DB6D73A1D58EE1100F23E14 /* Build configuration list for PBXProject "DhtCoreData" */ = {
			isa = XCConfigurationList;
			buildConfigurations = (
				5DB6D7461D58EE1100F23E14 /* Debug */,
				5DB6D7471D58EE1100F23E14 /* Release */,
			);
			defaultConfigurationIsVisible = 0;
			defaultConfigurationName = Release;
		};
		5DB6D7481D58EE1100F23E14 /* Build configuration list for PBXNativeTarget "DhtCoreData" */ = {
			isa = XCConfigurationList;
			buildConfigurations = (
				5DB6D7491D58EE1100F23E14 /* Debug */,
				5DB6D74A1D58EE1100F23E14 /* Release */,
			);
			defaultConfigurationIsVisible = 0;
			defaultConfigurationName = Release;
		};
/* End XCConfigurationList section */
	};
	rootObject = 5DB6D7371D58EE1100F23E14 /* Project object */;
}
